schema: '2.0'
stages:
  data_ingestion:
    cmd: python src/data_ingestion.py
    deps:
    - path: src/data_ingestion.py
      hash: md5
      md5: 4444cfd950a85dda5dd61fed33ea056a
      size: 3531
    params:
      params.yaml:
        data_ingestion.test_size: 0.3
    outs:
    - path: data/raw
      hash: md5
      md5: 6c14fc5d4581715d0c084959eeff4b01.dir
      size: 479272
      nfiles: 2
  data_preprocessing:
    cmd: python src/data_preprocessing.py
    deps:
    - path: data/raw
      hash: md5
      md5: 6c14fc5d4581715d0c084959eeff4b01.dir
      size: 479272
      nfiles: 2
    - path: src/data_preprocessing.py
      hash: md5
      md5: 158130fa3ada2ed96ada460b539d42e9
      size: 3864
    outs:
    - path: data/interim
      hash: md5
      md5: 91d80631b72bc88148c9f0c49789af70.dir
      size: 257220
      nfiles: 2
  feature_engineering:
    cmd: python src/feature_engineering.py
    deps:
    - path: data/interim
      hash: md5
      md5: 91d80631b72bc88148c9f0c49789af70.dir
      size: 257220
      nfiles: 2
    - path: src/feature_engineering.py
      hash: md5
      md5: d6bb87d2a91403756646c62cb47ec527
      size: 3798
    params:
      params.yaml:
        feature_engineering.max_features: 50
    outs:
    - path: data/processed
      hash: md5
      md5: bf37d0b0ae07249da3069e138e93f00c.dir
      size: 1182755
      nfiles: 2
  model_building:
    cmd: python src/model_building.py
    deps:
    - path: data/processed
      hash: md5
      md5: bf37d0b0ae07249da3069e138e93f00c.dir
      size: 1182755
      nfiles: 2
    - path: src/model_building.py
      hash: md5
      md5: b4a1c52af31ca558cbdf3c6d7cdc14e6
      size: 4340
    params:
      params.yaml:
        model_building.n_estimators: 25
        model_building.random_state: 2
    outs:
    - path: models/model.pkl
      hash: md5
      md5: fd48a0d5c8bf82f8d542f54f39bb3f85
      size: 899608
  model_evaluation:
    cmd: python src/model_evaluation.py
    deps:
    - path: models/model.pkl
      hash: md5
      md5: fd48a0d5c8bf82f8d542f54f39bb3f85
      size: 899608
    - path: src/model_evaluation.py
      hash: md5
      md5: 7b6b48cf3abc5b02448b30cbb6025de4
      size: 4506
    outs:
    - path: reports/metrics.json
      hash: md5
      md5: eb4899cfb153cb8012ca53d0f8635946
      size: 138
